
Microsoft Visual Studio Solution File, Format Version 12.00
# Visual Studio Version 17
VisualStudioVersion = 17.12.35707.178
MinimumVisualStudioVersion = 10.0.40219.1
Project("{FAE04EC0-301F-11D3-BF4B-00C04F79EFBC}") = "NaLib.CoreService.API", "NaLib.CoreServices.API\NaLib.CoreService.API.csproj", "{410B6941-E32B-4CAB-95AE-5FA72927F394}"
EndProject
Project("{FAE04EC0-301F-11D3-BF4B-00C04F79EFBC}") = "NaLib.CoreService.Lib", "NaLib.CoreService.Lib\NaLib.CoreService.Lib.csproj", "{C52F5130-C7A9-48CB-A45C-E7779021B55C}"
EndProject
Project("{FAE04EC0-301F-11D3-BF4B-00C04F79EFBC}") = "CatalogueManagementService.API", "CatalogueManagementService.API\CatalogueManagementService.API.csproj", "{E206C346-2086-41D7-A55E-7B5189A1B331}"
EndProject
Project("{FAE04EC0-301F-11D3-BF4B-00C04F79EFBC}") = "CatalogueManagementService.LIb", "CatalogueManagementService.LIb\CatalogueManagementService.LIb.csproj", "{C4910007-1437-4737-B969-BD1D43612CE2}"
EndProject
Global
	GlobalSection(SolutionConfigurationPlatforms) = preSolution
		Debug|Any CPU = Debug|Any CPU
		Release|Any CPU = Release|Any CPU
	EndGlobalSection
	GlobalSection(ProjectConfigurationPlatforms) = postSolution
		{410B6941-E32B-4CAB-95AE-5FA72927F394}.Debug|Any CPU.ActiveCfg = Debug|Any CPU
		{410B6941-E32B-4CAB-95AE-5FA72927F394}.Debug|Any CPU.Build.0 = Debug|Any CPU
		{410B6941-E32B-4CAB-95AE-5FA72927F394}.Release|Any CPU.ActiveCfg = Release|Any CPU
		{410B6941-E32B-4CAB-95AE-5FA72927F394}.Release|Any CPU.Build.0 = Release|Any CPU
		{C52F5130-C7A9-48CB-A45C-E7779021B55C}.Debug|Any CPU.ActiveCfg = Debug|Any CPU
		{C52F5130-C7A9-48CB-A45C-E7779021B55C}.Debug|Any CPU.Build.0 = Debug|Any CPU
		{C52F5130-C7A9-48CB-A45C-E7779021B55C}.Release|Any CPU.ActiveCfg = Release|Any CPU
		{C52F5130-C7A9-48CB-A45C-E7779021B55C}.Release|Any CPU.Build.0 = Release|Any CPU
		{E206C346-2086-41D7-A55E-7B5189A1B331}.Debug|Any CPU.ActiveCfg = Debug|Any CPU
		{E206C346-2086-41D7-A55E-7B5189A1B331}.Debug|Any CPU.Build.0 = Debug|Any CPU
		{E206C346-2086-41D7-A55E-7B5189A1B331}.Release|Any CPU.ActiveCfg = Release|Any CPU
		{E206C346-2086-41D7-A55E-7B5189A1B331}.Release|Any CPU.Build.0 = Release|Any CPU
		{C4910007-1437-4737-B969-BD1D43612CE2}.Debug|Any CPU.ActiveCfg = Debug|Any CPU
		{C4910007-1437-4737-B969-BD1D43612CE2}.Debug|Any CPU.Build.0 = Debug|Any CPU
		{C4910007-1437-4737-B969-BD1D43612CE2}.Release|Any CPU.ActiveCfg = Release|Any CPU
		{C4910007-1437-4737-B969-BD1D43612CE2}.Release|Any CPU.Build.0 = Release|Any CPU
	EndGlobalSection
	GlobalSection(SolutionProperties) = preSolution
		HideSolutionNode = FALSE
	EndGlobalSection
EndGlobal
