
Microsoft Visual Studio Solution File, Format Version 12.00
# Visual Studio Version 17
VisualStudioVersion = 17.12.35707.178
MinimumVisualStudioVersion = 10.0.40219.1
Project("{FAE04EC0-301F-11D3-BF4B-00C04F79EFBC}") = "NaLib.CoreService.API", "NaLib.CoreServices.API\NaLib.CoreService.API.csproj", "{410B6941-E32B-4CAB-95AE-5FA72927F394}"
EndProject
Project("{FAE04EC0-301F-11D3-BF4B-00C04F79EFBC}") = "NaLib.CoreService.Lib", "NaLib.CoreService.Lib\NaLib.CoreService.Lib.csproj", "{C52F5130-C7A9-48CB-A45C-E7779021B55C}"
EndProject
Project("{FAE04EC0-301F-11D3-BF4B-00C04F79EFBC}") = "NaLib.CatalogueManagementService.API", "NaLib.CatalogueManagementService.API\NaLib.CatalogueManagementService.API.csproj", "{4DBD2F46-1C5F-4596-91C2-A4D60C98D898}"
EndProject
Project("{FAE04EC0-301F-11D3-BF4B-00C04F79EFBC}") = "NaLib.CatalogueManagementService.Lib", "NaLib.CatalogueManagementService.Lib\NaLib.CatalogueManagementService.Lib.csproj", "{4F8885BD-B598-470D-847F-9A30FA636E65}"
EndProject
Project("{2150E333-8FDC-42A3-9474-1A3956D46DE8}") = "NaLib.ProjectFiles", "NaLib.ProjectFiles", "{C211B683-FB41-4709-BA86-4A75B87D8D7D}"
EndProject
Project("{FAE04EC0-301F-11D3-BF4B-00C04F79EFBC}") = "NaLib.Web", "NaLib.Web\NaLib.Web.csproj", "{A1882ABD-1AE1-4984-BD41-4A4451EB5CE6}"
EndProject
Global
	GlobalSection(SolutionConfigurationPlatforms) = preSolution
		Debug|Any CPU = Debug|Any CPU
		Release|Any CPU = Release|Any CPU
	EndGlobalSection
	GlobalSection(ProjectConfigurationPlatforms) = postSolution
		{410B6941-E32B-4CAB-95AE-5FA72927F394}.Debug|Any CPU.ActiveCfg = Debug|Any CPU
		{410B6941-E32B-4CAB-95AE-5FA72927F394}.Debug|Any CPU.Build.0 = Debug|Any CPU
		{410B6941-E32B-4CAB-95AE-5FA72927F394}.Release|Any CPU.ActiveCfg = Release|Any CPU
		{410B6941-E32B-4CAB-95AE-5FA72927F394}.Release|Any CPU.Build.0 = Release|Any CPU
		{C52F5130-C7A9-48CB-A45C-E7779021B55C}.Debug|Any CPU.ActiveCfg = Debug|Any CPU
		{C52F5130-C7A9-48CB-A45C-E7779021B55C}.Debug|Any CPU.Build.0 = Debug|Any CPU
		{C52F5130-C7A9-48CB-A45C-E7779021B55C}.Release|Any CPU.ActiveCfg = Release|Any CPU
		{C52F5130-C7A9-48CB-A45C-E7779021B55C}.Release|Any CPU.Build.0 = Release|Any CPU
		{4DBD2F46-1C5F-4596-91C2-A4D60C98D898}.Debug|Any CPU.ActiveCfg = Debug|Any CPU
		{4DBD2F46-1C5F-4596-91C2-A4D60C98D898}.Debug|Any CPU.Build.0 = Debug|Any CPU
		{4DBD2F46-1C5F-4596-91C2-A4D60C98D898}.Release|Any CPU.ActiveCfg = Release|Any CPU
		{4DBD2F46-1C5F-4596-91C2-A4D60C98D898}.Release|Any CPU.Build.0 = Release|Any CPU
		{4F8885BD-B598-470D-847F-9A30FA636E65}.Debug|Any CPU.ActiveCfg = Debug|Any CPU
		{4F8885BD-B598-470D-847F-9A30FA636E65}.Debug|Any CPU.Build.0 = Debug|Any CPU
		{4F8885BD-B598-470D-847F-9A30FA636E65}.Release|Any CPU.ActiveCfg = Release|Any CPU
		{4F8885BD-B598-470D-847F-9A30FA636E65}.Release|Any CPU.Build.0 = Release|Any CPU
		{A1882ABD-1AE1-4984-BD41-4A4451EB5CE6}.Debug|Any CPU.ActiveCfg = Debug|Any CPU
		{A1882ABD-1AE1-4984-BD41-4A4451EB5CE6}.Debug|Any CPU.Build.0 = Debug|Any CPU
		{A1882ABD-1AE1-4984-BD41-4A4451EB5CE6}.Release|Any CPU.ActiveCfg = Release|Any CPU
		{A1882ABD-1AE1-4984-BD41-4A4451EB5CE6}.Release|Any CPU.Build.0 = Release|Any CPU
	EndGlobalSection
	GlobalSection(SolutionProperties) = preSolution
		HideSolutionNode = FALSE
	EndGlobalSection
EndGlobal
